Microsoft Visual Studio Solution File, Format Version 12.00
# Visual Studio Version 17
VisualStudioVersion = 17.5.2.0
MinimumVisualStudioVersion = 10.0.40219.1
Project("{FAE04EC0-301F-11D3-BF4B-00C04F79EFBC}") = "ManipulandoValores", "ManipulandoValores.csproj", "{6447D048-36FC-E0E5-37FE-E84BCA0BA923}"
EndProject
Global
	GlobalSection(SolutionConfigurationPlatforms) = preSolution
		Debug|Any CPU = Debug|Any CPU
		Release|Any CPU = Release|Any CPU
	EndGlobalSection
	GlobalSection(ProjectConfigurationPlatforms) = postSolution
		{6447D048-36FC-E0E5-37FE-E84BCA0BA923}.Debug|Any CPU.ActiveCfg = Debug|Any CPU
		{6447D048-36FC-E0E5-37FE-E84BCA0BA923}.Debug|Any CPU.Build.0 = Debug|Any CPU
		{6447D048-36FC-E0E5-37FE-E84BCA0BA923}.Release|Any CPU.ActiveCfg = Release|Any CPU
		{6447D048-36FC-E0E5-37FE-E84BCA0BA923}.Release|Any CPU.Build.0 = Release|Any CPU
	EndGlobalSection
	GlobalSection(SolutionProperties) = preSolution
		HideSolutionNode = FALSE
	EndGlobalSection
	GlobalSection(ExtensibilityGlobals) = postSolution
		SolutionGuid = {55CACC49-401D-4F08-8479-550BF597F037}
	EndGlobalSection
EndGlobal
